github.com/google/uuid v1.6.0 h1:NIvaJDMOsjHA8n1jAhLSgzrAzy1Hgr+hNrb57e+94F0=
github.com/google/uuid v1.6.0/go.mod h1:TIyPZe4MgqvfeYDBFedMoGGpEw/LqOeaOT+nhxU+yHo=
github.com/simonedz197/ToDoListStore v0.0.0-20250515152709-9afa9a1503a4 h1:6v19ai+TXAPwLmRc/Iuifex2E6G4j4acUQNXeyjmOuY=
github.com/simonedz197/ToDoListStore v0.0.0-20250515152709-9afa9a1503a4/go.mod h1:VMkpzD4U+Gp8DUDD7Tg6pSezfsIh5C9hkryniwdkLCI=
